
Microsoft Visual Studio Solution File, Format Version 12.00
# Visual Studio Version 17
VisualStudioVersion = 17.2.32602.215
MinimumVisualStudioVersion = 10.0.40219.1
Project("{FAE04EC0-301F-11D3-BF4B-00C04F79EFBC}") = "CalculadoraApp.UWP", "CalculadoraApp\CalculadoraApp.UWP\CalculadoraApp.UWP.csproj", "{951C9457-9FC1-408A-9F50-A38D8133BFFF}"
EndProject
Project("{FAE04EC0-301F-11D3-BF4B-00C04F79EFBC}") = "CalculadoraApp.Android", "CalculadoraApp\CalculadoraApp.Android\CalculadoraApp.Android.csproj", "{A4200503-19D6-491C-8777-E9BAA8E42731}"
EndProject
Project("{FAE04EC0-301F-11D3-BF4B-00C04F79EFBC}") = "CalculadoraApp.iOS", "CalculadoraApp\CalculadoraApp.iOS\CalculadoraApp.iOS.csproj", "{A886B896-5AA8-4F9F-B5D4-58B74FA781E9}"
EndProject
Project("{FAE04EC0-301F-11D3-BF4B-00C04F79EFBC}") = "CalculadoraApp", "CalculadoraApp\CalculadoraApp\CalculadoraApp.csproj", "{BE09239A-CDE7-4214-9E86-FFB25834E976}"
EndProject
Global
	GlobalSection(SolutionConfigurationPlatforms) = preSolution
		Debug|Any CPU = Debug|Any CPU
		Debug|ARM = Debug|ARM
		Debug|iPhone = Debug|iPhone
		Debug|iPhoneSimulator = Debug|iPhoneSimulator
		Debug|x64 = Debug|x64
		Debug|x86 = Debug|x86
		Release|Any CPU = Release|Any CPU
		Release|ARM = Release|ARM
		Release|iPhone = Release|iPhone
		Release|iPhoneSimulator = Release|iPhoneSimulator
		Release|x64 = Release|x64
		Release|x86 = Release|x86
	EndGlobalSection
	GlobalSection(ProjectConfigurationPlatforms) = postSolution
		{951C9457-9FC1-408A-9F50-A38D8133BFFF}.Debug|Any CPU.ActiveCfg = Debug|x64
		{951C9457-9FC1-408A-9F50-A38D8133BFFF}.Debug|Any CPU.Build.0 = Debug|x64
		{951C9457-9FC1-408A-9F50-A38D8133BFFF}.Debug|Any CPU.Deploy.0 = Debug|x64
		{951C9457-9FC1-408A-9F50-A38D8133BFFF}.Debug|ARM.ActiveCfg = Debug|ARM
		{951C9457-9FC1-408A-9F50-A38D8133BFFF}.Debug|ARM.Build.0 = Debug|ARM
		{951C9457-9FC1-408A-9F50-A38D8133BFFF}.Debug|ARM.Deploy.0 = Debug|ARM
		{951C9457-9FC1-408A-9F50-A38D8133BFFF}.Debug|iPhone.ActiveCfg = Debug|x64
		{951C9457-9FC1-408A-9F50-A38D8133BFFF}.Debug|iPhone.Build.0 = Debug|x64
		{951C9457-9FC1-408A-9F50-A38D8133BFFF}.Debug|iPhone.Deploy.0 = Debug|x64
		{951C9457-9FC1-408A-9F50-A38D8133BFFF}.Debug|iPhoneSimulator.ActiveCfg = Debug|x64
		{951C9457-9FC1-408A-9F50-A38D8133BFFF}.Debug|iPhoneSimulator.Build.0 = Debug|x64
		{951C9457-9FC1-408A-9F50-A38D8133BFFF}.Debug|iPhoneSimulator.Deploy.0 = Debug|x64
		{951C9457-9FC1-408A-9F50-A38D8133BFFF}.Debug|x64.ActiveCfg = Debug|x64
		{951C9457-9FC1-408A-9F50-A38D8133BFFF}.Debug|x64.Build.0 = Debug|x64
		{951C9457-9FC1-408A-9F50-A38D8133BFFF}.Debug|x64.Deploy.0 = Debug|x64
		{951C9457-9FC1-408A-9F50-A38D8133BFFF}.Debug|x86.ActiveCfg = Debug|x86
		{951C9457-9FC1-408A-9F50-A38D8133BFFF}.Debug|x86.Build.0 = Debug|x86
		{951C9457-9FC1-408A-9F50-A38D8133BFFF}.Debug|x86.Deploy.0 = Debug|x86
		{951C9457-9FC1-408A-9F50-A38D8133BFFF}.Release|Any CPU.ActiveCfg = Release|x64
		{951C9457-9FC1-408A-9F50-A38D8133BFFF}.Release|Any CPU.Build.0 = Release|x64
		{951C9457-9FC1-408A-9F50-A38D8133BFFF}.Release|Any CPU.Deploy.0 = Release|x64
		{951C9457-9FC1-408A-9F50-A38D8133BFFF}.Release|ARM.ActiveCfg = Release|ARM
		{951C9457-9FC1-408A-9F50-A38D8133BFFF}.Release|ARM.Build.0 = Release|ARM
		{951C9457-9FC1-408A-9F50-A38D8133BFFF}.Release|ARM.Deploy.0 = Release|ARM
		{951C9457-9FC1-408A-9F50-A38D8133BFFF}.Release|iPhone.ActiveCfg = Release|x64
		{951C9457-9FC1-408A-9F50-A38D8133BFFF}.Release|iPhone.Build.0 = Release|x64
		{951C9457-9FC1-408A-9F50-A38D8133BFFF}.Release|iPhone.Deploy.0 = Release|x64
		{951C9457-9FC1-408A-9F50-A38D8133BFFF}.Release|iPhoneSimulator.ActiveCfg = Release|x64
		{951C9457-9FC1-408A-9F50-A38D8133BFFF}.Release|iPhoneSimulator.Build.0 = Release|x64
		{951C9457-9FC1-408A-9F50-A38D8133BFFF}.Release|iPhoneSimulator.Deploy.0 = Release|x64
		{951C9457-9FC1-408A-9F50-A38D8133BFFF}.Release|x64.ActiveCfg = Release|x64
		{951C9457-9FC1-408A-9F50-A38D8133BFFF}.Release|x64.Build.0 = Release|x64
		{951C9457-9FC1-408A-9F50-A38D8133BFFF}.Release|x64.Deploy.0 = Release|x64
		{951C9457-9FC1-408A-9F50-A38D8133BFFF}.Release|x86.ActiveCfg = Release|x86
		{951C9457-9FC1-408A-9F50-A38D8133BFFF}.Release|x86.Build.0 = Release|x86
		{951C9457-9FC1-408A-9F50-A38D8133BFFF}.Release|x86.Deploy.0 = Release|x86
		{A4200503-19D6-491C-8777-E9BAA8E42731}.Debug|Any CPU.ActiveCfg = Debug|Any CPU
		{A4200503-19D6-491C-8777-E9BAA8E42731}.Debug|Any CPU.Build.0 = Debug|Any CPU
		{A4200503-19D6-491C-8777-E9BAA8E42731}.Debug|Any CPU.Deploy.0 = Debug|Any CPU
		{A4200503-19D6-491C-8777-E9BAA8E42731}.Debug|ARM.ActiveCfg = Debug|Any CPU
		{A4200503-19D6-491C-8777-E9BAA8E42731}.Debug|ARM.Build.0 = Debug|Any CPU
		{A4200503-19D6-491C-8777-E9BAA8E42731}.Debug|ARM.Deploy.0 = Debug|Any CPU
		{A4200503-19D6-491C-8777-E9BAA8E42731}.Debug|iPhone.ActiveCfg = Debug|Any CPU
		{A4200503-19D6-491C-8777-E9BAA8E42731}.Debug|iPhone.Build.0 = Debug|Any CPU
		{A4200503-19D6-491C-8777-E9BAA8E42731}.Debug|iPhone.Deploy.0 = Debug|Any CPU
		{A4200503-19D6-491C-8777-E9BAA8E42731}.Debug|iPhoneSimulator.ActiveCfg = Debug|Any CPU
		{A4200503-19D6-491C-8777-E9BAA8E42731}.Debug|iPhoneSimulator.Build.0 = Debug|Any CPU
		{A4200503-19D6-491C-8777-E9BAA8E42731}.Debug|iPhoneSimulator.Deploy.0 = Debug|Any CPU
		{A4200503-19D6-491C-8777-E9BAA8E42731}.Debug|x64.ActiveCfg = Debug|Any CPU
		{A4200503-19D6-491C-8777-E9BAA8E42731}.Debug|x64.Build.0 = Debug|Any CPU
		{A4200503-19D6-491C-8777-E9BAA8E42731}.Debug|x64.Deploy.0 = Debug|Any CPU
		{A4200503-19D6-491C-8777-E9BAA8E42731}.Debug|x86.ActiveCfg = Debug|Any CPU
		{A4200503-19D6-491C-8777-E9BAA8E42731}.Debug|x86.Build.0 = Debug|Any CPU
		{A4200503-19D6-491C-8777-E9BAA8E42731}.Debug|x86.Deploy.0 = Debug|Any CPU
		{A4200503-19D6-491C-8777-E9BAA8E42731}.Release|Any CPU.ActiveCfg = Release|Any CPU
		{A4200503-19D6-491C-8777-E9BAA8E42731}.Release|Any CPU.Build.0 = Release|Any CPU
		{A4200503-19D6-491C-8777-E9BAA8E42731}.Release|Any CPU.Deploy.0 = Release|Any CPU
		{A4200503-19D6-491C-8777-E9BAA8E42731}.Release|ARM.ActiveCfg = Release|Any CPU
		{A4200503-19D6-491C-8777-E9BAA8E42731}.Release|ARM.Build.0 = Release|Any CPU
		{A4200503-19D6-491C-8777-E9BAA8E42731}.Release|ARM.Deploy.0 = Release|Any CPU
		{A4200503-19D6-491C-8777-E9BAA8E42731}.Release|iPhone.ActiveCfg = Release|Any CPU
		{A4200503-19D6-491C-8777-E9BAA8E42731}.Release|iPhone.Build.0 = Release|Any CPU
		{A4200503-19D6-491C-8777-E9BAA8E42731}.Release|iPhone.Deploy.0 = Release|Any CPU
		{A4200503-19D6-491C-8777-E9BAA8E42731}.Release|iPhoneSimulator.ActiveCfg = Release|Any CPU
		{A4200503-19D6-491C-8777-E9BAA8E42731}.Release|iPhoneSimulator.Build.0 = Release|Any CPU
		{A4200503-19D6-491C-8777-E9BAA8E42731}.Release|iPhoneSimulator.Deploy.0 = Release|Any CPU
		{A4200503-19D6-491C-8777-E9BAA8E42731}.Release|x64.ActiveCfg = Release|Any CPU
		{A4200503-19D6-491C-8777-E9BAA8E42731}.Release|x64.Build.0 = Release|Any CPU
		{A4200503-19D6-491C-8777-E9BAA8E42731}.Release|x64.Deploy.0 = Release|Any CPU
		{A4200503-19D6-491C-8777-E9BAA8E42731}.Release|x86.ActiveCfg = Release|Any CPU
		{A4200503-19D6-491C-8777-E9BAA8E42731}.Release|x86.Build.0 = Release|Any CPU
		{A4200503-19D6-491C-8777-E9BAA8E42731}.Release|x86.Deploy.0 = Release|Any CPU
		{A886B896-5AA8-4F9F-B5D4-58B74FA781E9}.Debug|Any CPU.ActiveCfg = Debug|iPhoneSimulator
		{A886B896-5AA8-4F9F-B5D4-58B74FA781E9}.Debug|Any CPU.Build.0 = Debug|iPhoneSimulator
		{A886B896-5AA8-4F9F-B5D4-58B74FA781E9}.Debug|Any CPU.Deploy.0 = Debug|iPhoneSimulator
		{A886B896-5AA8-4F9F-B5D4-58B74FA781E9}.Debug|ARM.ActiveCfg = Debug|iPhoneSimulator
		{A886B896-5AA8-4F9F-B5D4-58B74FA781E9}.Debug|ARM.Build.0 = Debug|iPhoneSimulator
		{A886B896-5AA8-4F9F-B5D4-58B74FA781E9}.Debug|ARM.Deploy.0 = Debug|iPhoneSimulator
		{A886B896-5AA8-4F9F-B5D4-58B74FA781E9}.Debug|iPhone.ActiveCfg = Debug|iPhone
		{A886B896-5AA8-4F9F-B5D4-58B74FA781E9}.Debug|iPhone.Build.0 = Debug|iPhone
		{A886B896-5AA8-4F9F-B5D4-58B74FA781E9}.Debug|iPhone.Deploy.0 = Debug|iPhone
		{A886B896-5AA8-4F9F-B5D4-58B74FA781E9}.Debug|iPhoneSimulator.ActiveCfg = Debug|iPhoneSimulator
		{A886B896-5AA8-4F9F-B5D4-58B74FA781E9}.Debug|iPhoneSimulator.Build.0 = Debug|iPhoneSimulator
		{A886B896-5AA8-4F9F-B5D4-58B74FA781E9}.Debug|iPhoneSimulator.Deploy.0 = Debug|iPhoneSimulator
		{A886B896-5AA8-4F9F-B5D4-58B74FA781E9}.Debug|x64.ActiveCfg = Debug|iPhone
		{A886B896-5AA8-4F9F-B5D4-58B74FA781E9}.Debug|x64.Build.0 = Debug|iPhone
		{A886B896-5AA8-4F9F-B5D4-58B74FA781E9}.Debug|x64.Deploy.0 = Debug|iPhone
		{A886B896-5AA8-4F9F-B5D4-58B74FA781E9}.Debug|x86.ActiveCfg = Debug|iPhoneSimulator
		{A886B896-5AA8-4F9F-B5D4-58B74FA781E9}.Debug|x86.Build.0 = Debug|iPhoneSimulator
		{A886B896-5AA8-4F9F-B5D4-58B74FA781E9}.Debug|x86.Deploy.0 = Debug|iPhoneSimulator
		{A886B896-5AA8-4F9F-B5D4-58B74FA781E9}.Release|Any CPU.ActiveCfg = Release|iPhoneSimulator
		{A886B896-5AA8-4F9F-B5D4-58B74FA781E9}.Release|Any CPU.Build.0 = Release|iPhoneSimulator
		{A886B896-5AA8-4F9F-B5D4-58B74FA781E9}.Release|Any CPU.Deploy.0 = Release|iPhoneSimulator
		{A886B896-5AA8-4F9F-B5D4-58B74FA781E9}.Release|ARM.ActiveCfg = Release|iPhoneSimulator
		{A886B896-5AA8-4F9F-B5D4-58B74FA781E9}.Release|ARM.Build.0 = Release|iPhoneSimulator
		{A886B896-5AA8-4F9F-B5D4-58B74FA781E9}.Release|ARM.Deploy.0 = Release|iPhoneSimulator
		{A886B896-5AA8-4F9F-B5D4-58B74FA781E9}.Release|iPhone.ActiveCfg = Release|iPhone
		{A886B896-5AA8-4F9F-B5D4-58B74FA781E9}.Release|iPhone.Build.0 = Release|iPhone
		{A886B896-5AA8-4F9F-B5D4-58B74FA781E9}.Release|iPhone.Deploy.0 = Release|iPhone
		{A886B896-5AA8-4F9F-B5D4-58B74FA781E9}.Release|iPhoneSimulator.ActiveCfg = Release|iPhoneSimulator
		{A886B896-5AA8-4F9F-B5D4-58B74FA781E9}.Release|iPhoneSimulator.Build.0 = Release|iPhoneSimulator
		{A886B896-5AA8-4F9F-B5D4-58B74FA781E9}.Release|iPhoneSimulator.Deploy.0 = Release|iPhoneSimulator
		{A886B896-5AA8-4F9F-B5D4-58B74FA781E9}.Release|x64.ActiveCfg = Release|iPhoneSimulator
		{A886B896-5AA8-4F9F-B5D4-58B74FA781E9}.Release|x64.Build.0 = Release|iPhoneSimulator
		{A886B896-5AA8-4F9F-B5D4-58B74FA781E9}.Release|x64.Deploy.0 = Release|iPhoneSimulator
		{A886B896-5AA8-4F9F-B5D4-58B74FA781E9}.Release|x86.ActiveCfg = Release|iPhoneSimulator
		{A886B896-5AA8-4F9F-B5D4-58B74FA781E9}.Release|x86.Build.0 = Release|iPhoneSimulator
		{A886B896-5AA8-4F9F-B5D4-58B74FA781E9}.Release|x86.Deploy.0 = Release|iPhoneSimulator
		{BE09239A-CDE7-4214-9E86-FFB25834E976}.Debug|Any CPU.ActiveCfg = Debug|Any CPU
		{BE09239A-CDE7-4214-9E86-FFB25834E976}.Debug|Any CPU.Build.0 = Debug|Any CPU
		{BE09239A-CDE7-4214-9E86-FFB25834E976}.Debug|Any CPU.Deploy.0 = Debug|Any CPU
		{BE09239A-CDE7-4214-9E86-FFB25834E976}.Debug|ARM.ActiveCfg = Debug|Any CPU
		{BE09239A-CDE7-4214-9E86-FFB25834E976}.Debug|ARM.Build.0 = Debug|Any CPU
		{BE09239A-CDE7-4214-9E86-FFB25834E976}.Debug|ARM.Deploy.0 = Debug|Any CPU
		{BE09239A-CDE7-4214-9E86-FFB25834E976}.Debug|iPhone.ActiveCfg = Debug|Any CPU
		{BE09239A-CDE7-4214-9E86-FFB25834E976}.Debug|iPhone.Build.0 = Debug|Any CPU
		{BE09239A-CDE7-4214-9E86-FFB25834E976}.Debug|iPhone.Deploy.0 = Debug|Any CPU
		{BE09239A-CDE7-4214-9E86-FFB25834E976}.Debug|iPhoneSimulator.ActiveCfg = Debug|Any CPU
		{BE09239A-CDE7-4214-9E86-FFB25834E976}.Debug|iPhoneSimulator.Build.0 = Debug|Any CPU
		{BE09239A-CDE7-4214-9E86-FFB25834E976}.Debug|iPhoneSimulator.Deploy.0 = Debug|Any CPU
		{BE09239A-CDE7-4214-9E86-FFB25834E976}.Debug|x64.ActiveCfg = Debug|Any CPU
		{BE09239A-CDE7-4214-9E86-FFB25834E976}.Debug|x64.Build.0 = Debug|Any CPU
		{BE09239A-CDE7-4214-9E86-FFB25834E976}.Debug|x64.Deploy.0 = Debug|Any CPU
		{BE09239A-CDE7-4214-9E86-FFB25834E976}.Debug|x86.ActiveCfg = Debug|Any CPU
		{BE09239A-CDE7-4214-9E86-FFB25834E976}.Debug|x86.Build.0 = Debug|Any CPU
		{BE09239A-CDE7-4214-9E86-FFB25834E976}.Debug|x86.Deploy.0 = Debug|Any CPU
		{BE09239A-CDE7-4214-9E86-FFB25834E976}.Release|Any CPU.ActiveCfg = Release|Any CPU
		{BE09239A-CDE7-4214-9E86-FFB25834E976}.Release|Any CPU.Build.0 = Release|Any CPU
		{BE09239A-CDE7-4214-9E86-FFB25834E976}.Release|Any CPU.Deploy.0 = Release|Any CPU
		{BE09239A-CDE7-4214-9E86-FFB25834E976}.Release|ARM.ActiveCfg = Release|Any CPU
		{BE09239A-CDE7-4214-9E86-FFB25834E976}.Release|ARM.Build.0 = Release|Any CPU
		{BE09239A-CDE7-4214-9E86-FFB25834E976}.Release|ARM.Deploy.0 = Release|Any CPU
		{BE09239A-CDE7-4214-9E86-FFB25834E976}.Release|iPhone.ActiveCfg = Release|Any CPU
		{BE09239A-CDE7-4214-9E86-FFB25834E976}.Release|iPhone.Build.0 = Release|Any CPU
		{BE09239A-CDE7-4214-9E86-FFB25834E976}.Release|iPhone.Deploy.0 = Release|Any CPU
		{BE09239A-CDE7-4214-9E86-FFB25834E976}.Release|iPhoneSimulator.ActiveCfg = Release|Any CPU
		{BE09239A-CDE7-4214-9E86-FFB25834E976}.Release|iPhoneSimulator.Build.0 = Release|Any CPU
		{BE09239A-CDE7-4214-9E86-FFB25834E976}.Release|iPhoneSimulator.Deploy.0 = Release|Any CPU
		{BE09239A-CDE7-4214-9E86-FFB25834E976}.Release|x64.ActiveCfg = Release|Any CPU
		{BE09239A-CDE7-4214-9E86-FFB25834E976}.Release|x64.Build.0 = Release|Any CPU
		{BE09239A-CDE7-4214-9E86-FFB25834E976}.Release|x64.Deploy.0 = Release|Any CPU
		{BE09239A-CDE7-4214-9E86-FFB25834E976}.Release|x86.ActiveCfg = Release|Any CPU
		{BE09239A-CDE7-4214-9E86-FFB25834E976}.Release|x86.Build.0 = Release|Any CPU
		{BE09239A-CDE7-4214-9E86-FFB25834E976}.Release|x86.Deploy.0 = Release|Any CPU
	EndGlobalSection
	GlobalSection(SolutionProperties) = preSolution
		HideSolutionNode = FALSE
	EndGlobalSection
	GlobalSection(ExtensibilityGlobals) = postSolution
		SolutionGuid = {B20DA44E-68B0-4D8C-89C5-2F334E2F3116}
	EndGlobalSection
EndGlobal
